// !$*UTF8*$!
{
	archiveVersion = 1;
	classes = {
	};
	objectVersion = 51;
	objects = {

/* Begin PBXBuildFile section */
		146196932670626A00ACC040 /* AppDelegate.swift in Sources */ = {isa = PBXBuildFile; fileRef = 146196922670626A00ACC040 /* AppDelegate.swift */; };
		146196952670626A00ACC040 /* SceneDelegate.swift in Sources */ = {isa = PBXBuildFile; fileRef = 146196942670626A00ACC040 /* SceneDelegate.swift */; };
		1461969C2670626C00ACC040 /* Assets.xcassets in Resources */ = {isa = PBXBuildFile; fileRef = 1461969B2670626C00ACC040 /* Assets.xcassets */; };
		1461969F2670626C00ACC040 /* LaunchScreen.storyboard in Resources */ = {isa = PBXBuildFile; fileRef = 1461969D2670626C00ACC040 /* LaunchScreen.storyboard */; };
		146196CA2670673D00ACC040 /* ProductAPI.swift in Sources */ = {isa = PBXBuildFile; fileRef = 146196C92670673D00ACC040 /* ProductAPI.swift */; };
		146196CC2670688A00ACC040 /* ProductsService.swift in Sources */ = {isa = PBXBuildFile; fileRef = 146196CB2670688A00ACC040 /* ProductsService.swift */; };
		146196D026707B8E00ACC040 /* APIService.swift in Sources */ = {isa = PBXBuildFile; fileRef = 146196CF26707B8E00ACC040 /* APIService.swift */; };
		146196D22670810100ACC040 /* Error+Networking.swift in Sources */ = {isa = PBXBuildFile; fileRef = 146196D12670810100ACC040 /* Error+Networking.swift */; };
		147D3C3426756B8900FCCD19 /* InstallmentsAPI.swift in Sources */ = {isa = PBXBuildFile; fileRef = 147D3C3326756B8900FCCD19 /* InstallmentsAPI.swift */; };
		147D3C3626756C7800FCCD19 /* InstallmentsEntity.swift in Sources */ = {isa = PBXBuildFile; fileRef = 147D3C3526756C7800FCCD19 /* InstallmentsEntity.swift */; };
		147D3C3826756E2900FCCD19 /* InstallmentsWrapper.swift in Sources */ = {isa = PBXBuildFile; fileRef = 147D3C3726756E2900FCCD19 /* InstallmentsWrapper.swift */; };
		147D3C3C2675B9FC00FCCD19 /* UIFont+Extension.swift in Sources */ = {isa = PBXBuildFile; fileRef = 147D3C3B2675B9FC00FCCD19 /* UIFont+Extension.swift */; };
		147D3C3F2675C0A100FCCD19 /* Icons.swift in Sources */ = {isa = PBXBuildFile; fileRef = 147D3C3E2675C0A100FCCD19 /* Icons.swift */; };
		147D3C41267695C800FCCD19 /* ProductDetailConfigurator.swift in Sources */ = {isa = PBXBuildFile; fileRef = 147D3C40267695C800FCCD19 /* ProductDetailConfigurator.swift */; };
		147D3C432676960E00FCCD19 /* ProductDetailContract.swift in Sources */ = {isa = PBXBuildFile; fileRef = 147D3C422676960E00FCCD19 /* ProductDetailContract.swift */; };
		147D3C452676964300FCCD19 /* ProductDetailPresenter.swift in Sources */ = {isa = PBXBuildFile; fileRef = 147D3C442676964300FCCD19 /* ProductDetailPresenter.swift */; };
		147D3C472676969600FCCD19 /* ProductDetailView.swift in Sources */ = {isa = PBXBuildFile; fileRef = 147D3C462676969600FCCD19 /* ProductDetailView.swift */; };
		147D3C492676978B00FCCD19 /* ProductDetailViewController.swift in Sources */ = {isa = PBXBuildFile; fileRef = 147D3C482676978B00FCCD19 /* ProductDetailViewController.swift */; };
		147D3C4B267698FE00FCCD19 /* ProductDetailService.swift in Sources */ = {isa = PBXBuildFile; fileRef = 147D3C4A267698FE00FCCD19 /* ProductDetailService.swift */; };
		147D3C4D2676A1BB00FCCD19 /* UINavigationController+Extension.swift in Sources */ = {isa = PBXBuildFile; fileRef = 147D3C4C2676A1BB00FCCD19 /* UINavigationController+Extension.swift */; };
		147D3C512676C2E700FCCD19 /* DidSelectRowActionDelegate.swift in Sources */ = {isa = PBXBuildFile; fileRef = 147D3C502676C2E700FCCD19 /* DidSelectRowActionDelegate.swift */; };
		147D3C532676F4F000FCCD19 /* ProductDetailInfoAPI.swift in Sources */ = {isa = PBXBuildFile; fileRef = 147D3C522676F4F000FCCD19 /* ProductDetailInfoAPI.swift */; };
		147D3C552676FB2F00FCCD19 /* ProductDetailInfoEntity.swift in Sources */ = {isa = PBXBuildFile; fileRef = 147D3C542676FB2F00FCCD19 /* ProductDetailInfoEntity.swift */; };
		147D3C57267708FB00FCCD19 /* SellerEntity.swift in Sources */ = {isa = PBXBuildFile; fileRef = 147D3C56267708FB00FCCD19 /* SellerEntity.swift */; };
		147D3C5926770A8800FCCD19 /* ProductDetailInfoWrapper.swift in Sources */ = {isa = PBXBuildFile; fileRef = 147D3C5826770A8800FCCD19 /* ProductDetailInfoWrapper.swift */; };
		147D3C5B26770D9400FCCD19 /* SellerAPI.swift in Sources */ = {isa = PBXBuildFile; fileRef = 147D3C5A26770D9400FCCD19 /* SellerAPI.swift */; };
		147D3C5D26770DC900FCCD19 /* SellerWrapper.swift in Sources */ = {isa = PBXBuildFile; fileRef = 147D3C5C26770DC900FCCD19 /* SellerWrapper.swift */; };
		1485FB1F26715AD500A38DDB /* ProductsView.swift in Sources */ = {isa = PBXBuildFile; fileRef = 1485FB1E26715AD500A38DDB /* ProductsView.swift */; };
		1485FB2126715AF000A38DDB /* ProductsViewController.swift in Sources */ = {isa = PBXBuildFile; fileRef = 1485FB2026715AF000A38DDB /* ProductsViewController.swift */; };
		1485FB2326715B0800A38DDB /* ProductsPresenter.swift in Sources */ = {isa = PBXBuildFile; fileRef = 1485FB2226715B0800A38DDB /* ProductsPresenter.swift */; };
		1485FB2626715B4700A38DDB /* ProductsTableViewCell.swift in Sources */ = {isa = PBXBuildFile; fileRef = 1485FB2526715B4700A38DDB /* ProductsTableViewCell.swift */; };
		1485FB2A2671601D00A38DDB /* ProductsConfigurator.swift in Sources */ = {isa = PBXBuildFile; fileRef = 1485FB292671601D00A38DDB /* ProductsConfigurator.swift */; };
		1485FB2C267163B600A38DDB /* ProductsContract.swift in Sources */ = {isa = PBXBuildFile; fileRef = 1485FB2B267163B600A38DDB /* ProductsContract.swift */; };
		1485FB31267175EB00A38DDB /* ConfigurableProductsCell.swift in Sources */ = {isa = PBXBuildFile; fileRef = 1485FB30267175EB00A38DDB /* ConfigurableProductsCell.swift */; };
		1485FB39267177D200A38DDB /* ProductsTableViewManager.swift in Sources */ = {isa = PBXBuildFile; fileRef = 1485FB38267177D200A38DDB /* ProductsTableViewManager.swift */; };
		149C8FD12671D56C006F0600 /* UIColor+Extension.swift in Sources */ = {isa = PBXBuildFile; fileRef = 149C8FD02671D56C006F0600 /* UIColor+Extension.swift */; };
		14AEA7C52678122600FCB7D7 /* NumberFormatter+Extension.swift in Sources */ = {isa = PBXBuildFile; fileRef = 14AEA7C42678122600FCB7D7 /* NumberFormatter+Extension.swift */; };
		14AEA7C7267852C300FCB7D7 /* SellerView.swift in Sources */ = {isa = PBXBuildFile; fileRef = 14AEA7C6267852C300FCB7D7 /* SellerView.swift */; };
		14AEA7C92678894B00FCB7D7 /* Theme.xcassets in Resources */ = {isa = PBXBuildFile; fileRef = 14AEA7C82678894B00FCB7D7 /* Theme.xcassets */; };
		14B0E46126790A240004C63D /* ProductsPresenterTests.swift in Sources */ = {isa = PBXBuildFile; fileRef = 14B0E46026790A240004C63D /* ProductsPresenterTests.swift */; };
		14B0E46526790D290004C63D /* ProductsServiceMock.swift in Sources */ = {isa = PBXBuildFile; fileRef = 14B0E46426790D290004C63D /* ProductsServiceMock.swift */; };
		14B0E467267911F20004C63D /* ProductsDataMock.swift in Sources */ = {isa = PBXBuildFile; fileRef = 14B0E466267911F20004C63D /* ProductsDataMock.swift */; };
		14B0E469267919E50004C63D /* NavigatorMock.swift in Sources */ = {isa = PBXBuildFile; fileRef = 14B0E468267919E50004C63D /* NavigatorMock.swift */; };
		14B0E47C267925110004C63D /* ProductDetailDataMock.swift in Sources */ = {isa = PBXBuildFile; fileRef = 14B0E47B267925110004C63D /* ProductDetailDataMock.swift */; };
		14B0E47F267925310004C63D /* ProductDetailServiceMock.swift in Sources */ = {isa = PBXBuildFile; fileRef = 14B0E47E267925310004C63D /* ProductDetailServiceMock.swift */; };
		14B0E4812679279A0004C63D /* ProductDetailPresenterTests.swift in Sources */ = {isa = PBXBuildFile; fileRef = 14B0E4802679279A0004C63D /* ProductDetailPresenterTests.swift */; };
		14E148F62672B8110090B3CF /* UIImageView+Extension.swift in Sources */ = {isa = PBXBuildFile; fileRef = 14E148F52672B8110090B3CF /* UIImageView+Extension.swift */; };
		14E148F82672BC460090B3CF /* SearchAPI.swift in Sources */ = {isa = PBXBuildFile; fileRef = 14E148F72672BC460090B3CF /* SearchAPI.swift */; };
		14E148FA2672BD080090B3CF /* CurrencyAPI.swift in Sources */ = {isa = PBXBuildFile; fileRef = 14E148F92672BD080090B3CF /* CurrencyAPI.swift */; };
		14E148FE2672ED7B0090B3CF /* ProductEntity.swift in Sources */ = {isa = PBXBuildFile; fileRef = 14E148FD2672ED7B0090B3CF /* ProductEntity.swift */; };
		14E149002672EE3B0090B3CF /* CurrencyEntity.swift in Sources */ = {isa = PBXBuildFile; fileRef = 14E148FF2672EE3B0090B3CF /* CurrencyEntity.swift */; };
		14E149032672F1EA0090B3CF /* SearchWrapper.swift in Sources */ = {isa = PBXBuildFile; fileRef = 14E149022672F1EA0090B3CF /* SearchWrapper.swift */; };
		14E149052672F2B80090B3CF /* SearchEntity.swift in Sources */ = {isa = PBXBuildFile; fileRef = 14E149042672F2B80090B3CF /* SearchEntity.swift */; };
		14E149072672F67A0090B3CF /* CurrencyWrapper.swift in Sources */ = {isa = PBXBuildFile; fileRef = 14E149062672F67A0090B3CF /* CurrencyWrapper.swift */; };
		14E149092673003B0090B3CF /* ProductWrapper.swift in Sources */ = {isa = PBXBuildFile; fileRef = 14E149082673003B0090B3CF /* ProductWrapper.swift */; };
		14E1490C267332430090B3CF /* Navigator.swift in Sources */ = {isa = PBXBuildFile; fileRef = 14E1490B267332430090B3CF /* Navigator.swift */; };
		9C7558934FA87D555D1CCA5A /* Pods_MercadoLibreSearch.framework in Frameworks */ = {isa = PBXBuildFile; fileRef = 35373C56FD6CE2DA41C71539 /* Pods_MercadoLibreSearch.framework */; };
		BD788340939097C5352EC205 /* Pods_MercadoLibreSearchTests.framework in Frameworks */ = {isa = PBXBuildFile; fileRef = D367751246A06FCD2671E641 /* Pods_MercadoLibreSearchTests.framework */; };
/* End PBXBuildFile section */

/* Begin PBXContainerItemProxy section */
		146196A62670626C00ACC040 /* PBXContainerItemProxy */ = {
			isa = PBXContainerItemProxy;
			containerPortal = 146196872670626A00ACC040 /* Project object */;
			proxyType = 1;
			remoteGlobalIDString = 1461968E2670626A00ACC040;
			remoteInfo = MercadoLibreSearch;
		};
/* End PBXContainerItemProxy section */

/* Begin PBXFileReference section */
		1461968F2670626A00ACC040 /* MercadoLibreSearch.app */ = {isa = PBXFileReference; explicitFileType = wrapper.application; includeInIndex = 0; path = MercadoLibreSearch.app; sourceTree = BUILT_PRODUCTS_DIR; };
		146196922670626A00ACC040 /* AppDelegate.swift */ = {isa = PBXFileReference; lastKnownFileType = sourcecode.swift; path = AppDelegate.swift; sourceTree = "<group>"; };
		146196942670626A00ACC040 /* SceneDelegate.swift */ = {isa = PBXFileReference; lastKnownFileType = sourcecode.swift; path = SceneDelegate.swift; sourceTree = "<group>"; };
		1461969B2670626C00ACC040 /* Assets.xcassets */ = {isa = PBXFileReference; lastKnownFileType = folder.assetcatalog; path = Assets.xcassets; sourceTree = "<group>"; };
		1461969E2670626C00ACC040 /* Base */ = {isa = PBXFileReference; lastKnownFileType = file.storyboard; name = Base; path = Base.lproj/LaunchScreen.storyboard; sourceTree = "<group>"; };
		146196A02670626C00ACC040 /* Info.plist */ = {isa = PBXFileReference; lastKnownFileType = text.plist.xml; path = Info.plist; sourceTree = "<group>"; };
		146196A52670626C00ACC040 /* MercadoLibreSearchTests.xctest */ = {isa = PBXFileReference; explicitFileType = wrapper.cfbundle; includeInIndex = 0; path = MercadoLibreSearchTests.xctest; sourceTree = BUILT_PRODUCTS_DIR; };
		146196AB2670626C00ACC040 /* Info.plist */ = {isa = PBXFileReference; lastKnownFileType = text.plist.xml; path = Info.plist; sourceTree = "<group>"; };
		146196C92670673D00ACC040 /* ProductAPI.swift */ = {isa = PBXFileReference; lastKnownFileType = sourcecode.swift; path = ProductAPI.swift; sourceTree = "<group>"; };
		146196CB2670688A00ACC040 /* ProductsService.swift */ = {isa = PBXFileReference; lastKnownFileType = sourcecode.swift; path = ProductsService.swift; sourceTree = "<group>"; };
		146196CF26707B8E00ACC040 /* APIService.swift */ = {isa = PBXFileReference; lastKnownFileType = sourcecode.swift; path = APIService.swift; sourceTree = "<group>"; };
		146196D12670810100ACC040 /* Error+Networking.swift */ = {isa = PBXFileReference; lastKnownFileType = sourcecode.swift; path = "Error+Networking.swift"; sourceTree = "<group>"; };
		147D3C3326756B8900FCCD19 /* InstallmentsAPI.swift */ = {isa = PBXFileReference; lastKnownFileType = sourcecode.swift; path = InstallmentsAPI.swift; sourceTree = "<group>"; };
		147D3C3526756C7800FCCD19 /* InstallmentsEntity.swift */ = {isa = PBXFileReference; lastKnownFileType = sourcecode.swift; path = InstallmentsEntity.swift; sourceTree = "<group>"; };
		147D3C3726756E2900FCCD19 /* InstallmentsWrapper.swift */ = {isa = PBXFileReference; lastKnownFileType = sourcecode.swift; path = InstallmentsWrapper.swift; sourceTree = "<group>"; };
		147D3C3B2675B9FC00FCCD19 /* UIFont+Extension.swift */ = {isa = PBXFileReference; lastKnownFileType = sourcecode.swift; path = "UIFont+Extension.swift"; sourceTree = "<group>"; };
		147D3C3E2675C0A100FCCD19 /* Icons.swift */ = {isa = PBXFileReference; lastKnownFileType = sourcecode.swift; path = Icons.swift; sourceTree = "<group>"; };
		147D3C40267695C800FCCD19 /* ProductDetailConfigurator.swift */ = {isa = PBXFileReference; lastKnownFileType = sourcecode.swift; path = ProductDetailConfigurator.swift; sourceTree = "<group>"; };
		147D3C422676960E00FCCD19 /* ProductDetailContract.swift */ = {isa = PBXFileReference; lastKnownFileType = sourcecode.swift; path = ProductDetailContract.swift; sourceTree = "<group>"; };
		147D3C442676964300FCCD19 /* ProductDetailPresenter.swift */ = {isa = PBXFileReference; lastKnownFileType = sourcecode.swift; path = ProductDetailPresenter.swift; sourceTree = "<group>"; };
		147D3C462676969600FCCD19 /* ProductDetailView.swift */ = {isa = PBXFileReference; lastKnownFileType = sourcecode.swift; path = ProductDetailView.swift; sourceTree = "<group>"; };
		147D3C482676978B00FCCD19 /* ProductDetailViewController.swift */ = {isa = PBXFileReference; lastKnownFileType = sourcecode.swift; path = ProductDetailViewController.swift; sourceTree = "<group>"; };
		147D3C4A267698FE00FCCD19 /* ProductDetailService.swift */ = {isa = PBXFileReference; lastKnownFileType = sourcecode.swift; path = ProductDetailService.swift; sourceTree = "<group>"; };
		147D3C4C2676A1BB00FCCD19 /* UINavigationController+Extension.swift */ = {isa = PBXFileReference; lastKnownFileType = sourcecode.swift; path = "UINavigationController+Extension.swift"; sourceTree = "<group>"; };
		147D3C502676C2E700FCCD19 /* DidSelectRowActionDelegate.swift */ = {isa = PBXFileReference; lastKnownFileType = sourcecode.swift; path = DidSelectRowActionDelegate.swift; sourceTree = "<group>"; };
		147D3C522676F4F000FCCD19 /* ProductDetailInfoAPI.swift */ = {isa = PBXFileReference; lastKnownFileType = sourcecode.swift; path = ProductDetailInfoAPI.swift; sourceTree = "<group>"; };
		147D3C542676FB2F00FCCD19 /* ProductDetailInfoEntity.swift */ = {isa = PBXFileReference; lastKnownFileType = sourcecode.swift; path = ProductDetailInfoEntity.swift; sourceTree = "<group>"; };
		147D3C56267708FB00FCCD19 /* SellerEntity.swift */ = {isa = PBXFileReference; lastKnownFileType = sourcecode.swift; path = SellerEntity.swift; sourceTree = "<group>"; };
		147D3C5826770A8800FCCD19 /* ProductDetailInfoWrapper.swift */ = {isa = PBXFileReference; lastKnownFileType = sourcecode.swift; path = ProductDetailInfoWrapper.swift; sourceTree = "<group>"; };
		147D3C5A26770D9400FCCD19 /* SellerAPI.swift */ = {isa = PBXFileReference; lastKnownFileType = sourcecode.swift; path = SellerAPI.swift; sourceTree = "<group>"; };
		147D3C5C26770DC900FCCD19 /* SellerWrapper.swift */ = {isa = PBXFileReference; lastKnownFileType = sourcecode.swift; path = SellerWrapper.swift; sourceTree = "<group>"; };
		1485FB1E26715AD500A38DDB /* ProductsView.swift */ = {isa = PBXFileReference; lastKnownFileType = sourcecode.swift; path = ProductsView.swift; sourceTree = "<group>"; };
		1485FB2026715AF000A38DDB /* ProductsViewController.swift */ = {isa = PBXFileReference; lastKnownFileType = sourcecode.swift; path = ProductsViewController.swift; sourceTree = "<group>"; };
		1485FB2226715B0800A38DDB /* ProductsPresenter.swift */ = {isa = PBXFileReference; lastKnownFileType = sourcecode.swift; path = ProductsPresenter.swift; sourceTree = "<group>"; };
		1485FB2526715B4700A38DDB /* ProductsTableViewCell.swift */ = {isa = PBXFileReference; lastKnownFileType = sourcecode.swift; path = ProductsTableViewCell.swift; sourceTree = "<group>"; };
		1485FB292671601D00A38DDB /* ProductsConfigurator.swift */ = {isa = PBXFileReference; lastKnownFileType = sourcecode.swift; path = ProductsConfigurator.swift; sourceTree = "<group>"; };
		1485FB2B267163B600A38DDB /* ProductsContract.swift */ = {isa = PBXFileReference; lastKnownFileType = sourcecode.swift; path = ProductsContract.swift; sourceTree = "<group>"; };
		1485FB30267175EB00A38DDB /* ConfigurableProductsCell.swift */ = {isa = PBXFileReference; lastKnownFileType = sourcecode.swift; path = ConfigurableProductsCell.swift; sourceTree = "<group>"; };
		1485FB38267177D200A38DDB /* ProductsTableViewManager.swift */ = {isa = PBXFileReference; lastKnownFileType = sourcecode.swift; path = ProductsTableViewManager.swift; sourceTree = "<group>"; };
		149C8FD02671D56C006F0600 /* UIColor+Extension.swift */ = {isa = PBXFileReference; lastKnownFileType = sourcecode.swift; path = "UIColor+Extension.swift"; sourceTree = "<group>"; };
		14AEA7C42678122600FCB7D7 /* NumberFormatter+Extension.swift */ = {isa = PBXFileReference; lastKnownFileType = sourcecode.swift; path = "NumberFormatter+Extension.swift"; sourceTree = "<group>"; };
		14AEA7C6267852C300FCB7D7 /* SellerView.swift */ = {isa = PBXFileReference; lastKnownFileType = sourcecode.swift; path = SellerView.swift; sourceTree = "<group>"; };
		14AEA7C82678894B00FCB7D7 /* Theme.xcassets */ = {isa = PBXFileReference; lastKnownFileType = folder.assetcatalog; path = Theme.xcassets; sourceTree = "<group>"; };
		14B0E46026790A240004C63D /* ProductsPresenterTests.swift */ = {isa = PBXFileReference; lastKnownFileType = sourcecode.swift; path = ProductsPresenterTests.swift; sourceTree = "<group>"; };
		14B0E46426790D290004C63D /* ProductsServiceMock.swift */ = {isa = PBXFileReference; lastKnownFileType = sourcecode.swift; path = ProductsServiceMock.swift; sourceTree = "<group>"; };
		14B0E466267911F20004C63D /* ProductsDataMock.swift */ = {isa = PBXFileReference; lastKnownFileType = sourcecode.swift; path = ProductsDataMock.swift; sourceTree = "<group>"; };
		14B0E468267919E50004C63D /* NavigatorMock.swift */ = {isa = PBXFileReference; lastKnownFileType = sourcecode.swift; path = NavigatorMock.swift; sourceTree = "<group>"; };
		14B0E47B267925110004C63D /* ProductDetailDataMock.swift */ = {isa = PBXFileReference; lastKnownFileType = sourcecode.swift; path = ProductDetailDataMock.swift; sourceTree = "<group>"; };
		14B0E47E267925310004C63D /* ProductDetailServiceMock.swift */ = {isa = PBXFileReference; lastKnownFileType = sourcecode.swift; path = ProductDetailServiceMock.swift; sourceTree = "<group>"; };
		14B0E4802679279A0004C63D /* ProductDetailPresenterTests.swift */ = {isa = PBXFileReference; lastKnownFileType = sourcecode.swift; path = ProductDetailPresenterTests.swift; sourceTree = "<group>"; };
		14E148F52672B8110090B3CF /* UIImageView+Extension.swift */ = {isa = PBXFileReference; lastKnownFileType = sourcecode.swift; path = "UIImageView+Extension.swift"; sourceTree = "<group>"; };
		14E148F72672BC460090B3CF /* SearchAPI.swift */ = {isa = PBXFileReference; lastKnownFileType = sourcecode.swift; path = SearchAPI.swift; sourceTree = "<group>"; };
		14E148F92672BD080090B3CF /* CurrencyAPI.swift */ = {isa = PBXFileReference; lastKnownFileType = sourcecode.swift; path = CurrencyAPI.swift; sourceTree = "<group>"; };
		14E148FD2672ED7B0090B3CF /* ProductEntity.swift */ = {isa = PBXFileReference; lastKnownFileType = sourcecode.swift; path = ProductEntity.swift; sourceTree = "<group>"; };
		14E148FF2672EE3B0090B3CF /* CurrencyEntity.swift */ = {isa = PBXFileReference; lastKnownFileType = sourcecode.swift; path = CurrencyEntity.swift; sourceTree = "<group>"; };
		14E149022672F1EA0090B3CF /* SearchWrapper.swift */ = {isa = PBXFileReference; lastKnownFileType = sourcecode.swift; path = SearchWrapper.swift; sourceTree = "<group>"; };
		14E149042672F2B80090B3CF /* SearchEntity.swift */ = {isa = PBXFileReference; lastKnownFileType = sourcecode.swift; path = SearchEntity.swift; sourceTree = "<group>"; };
		14E149062672F67A0090B3CF /* CurrencyWrapper.swift */ = {isa = PBXFileReference; lastKnownFileType = sourcecode.swift; path = CurrencyWrapper.swift; sourceTree = "<group>"; };
		14E149082673003B0090B3CF /* ProductWrapper.swift */ = {isa = PBXFileReference; lastKnownFileType = sourcecode.swift; path = ProductWrapper.swift; sourceTree = "<group>"; };
		14E1490B267332430090B3CF /* Navigator.swift */ = {isa = PBXFileReference; lastKnownFileType = sourcecode.swift; path = Navigator.swift; sourceTree = "<group>"; };
		1BD4C21C694FB45BE7BD55C1 /* Pods-MercadoLibreSearch.release.xcconfig */ = {isa = PBXFileReference; includeInIndex = 1; lastKnownFileType = text.xcconfig; name = "Pods-MercadoLibreSearch.release.xcconfig"; path = "Target Support Files/Pods-MercadoLibreSearch/Pods-MercadoLibreSearch.release.xcconfig"; sourceTree = "<group>"; };
		35373C56FD6CE2DA41C71539 /* Pods_MercadoLibreSearch.framework */ = {isa = PBXFileReference; explicitFileType = wrapper.framework; includeInIndex = 0; path = Pods_MercadoLibreSearch.framework; sourceTree = BUILT_PRODUCTS_DIR; };
		3FDA3C1797AB0FD08C7D1728 /* Pods_MercadoLibreSearch_MercadoLibreSearchUITests.framework */ = {isa = PBXFileReference; explicitFileType = wrapper.framework; includeInIndex = 0; path = Pods_MercadoLibreSearch_MercadoLibreSearchUITests.framework; sourceTree = BUILT_PRODUCTS_DIR; };
		6C8B4448BF09729118EB8FBE /* Pods-MercadoLibreSearch-MercadoLibreSearchUITests.release.xcconfig */ = {isa = PBXFileReference; includeInIndex = 1; lastKnownFileType = text.xcconfig; name = "Pods-MercadoLibreSearch-MercadoLibreSearchUITests.release.xcconfig"; path = "Target Support Files/Pods-MercadoLibreSearch-MercadoLibreSearchUITests/Pods-MercadoLibreSearch-MercadoLibreSearchUITests.release.xcconfig"; sourceTree = "<group>"; };
		7820D6AB33D09D1F588FFA0B /* Pods-MercadoLibreSearch.debug.xcconfig */ = {isa = PBXFileReference; includeInIndex = 1; lastKnownFileType = text.xcconfig; name = "Pods-MercadoLibreSearch.debug.xcconfig"; path = "Target Support Files/Pods-MercadoLibreSearch/Pods-MercadoLibreSearch.debug.xcconfig"; sourceTree = "<group>"; };
		8D44D21195F00A38150D0420 /* Pods-MercadoLibreSearchTests.release.xcconfig */ = {isa = PBXFileReference; includeInIndex = 1; lastKnownFileType = text.xcconfig; name = "Pods-MercadoLibreSearchTests.release.xcconfig"; path = "Target Support Files/Pods-MercadoLibreSearchTests/Pods-MercadoLibreSearchTests.release.xcconfig"; sourceTree = "<group>"; };
		D367751246A06FCD2671E641 /* Pods_MercadoLibreSearchTests.framework */ = {isa = PBXFileReference; explicitFileType = wrapper.framework; includeInIndex = 0; path = Pods_MercadoLibreSearchTests.framework; sourceTree = BUILT_PRODUCTS_DIR; };
		F7E20702EF8B4B490D797F06 /* Pods-MercadoLibreSearchTests.debug.xcconfig */ = {isa = PBXFileReference; includeInIndex = 1; lastKnownFileType = text.xcconfig; name = "Pods-MercadoLibreSearchTests.debug.xcconfig"; path = "Target Support Files/Pods-MercadoLibreSearchTests/Pods-MercadoLibreSearchTests.debug.xcconfig"; sourceTree = "<group>"; };
		F99C992F0DCF7F1D17276314 /* Pods-MercadoLibreSearch-MercadoLibreSearchUITests.debug.xcconfig */ = {isa = PBXFileReference; includeInIndex = 1; lastKnownFileType = text.xcconfig; name = "Pods-MercadoLibreSearch-MercadoLibreSearchUITests.debug.xcconfig"; path = "Target Support Files/Pods-MercadoLibreSearch-MercadoLibreSearchUITests/Pods-MercadoLibreSearch-MercadoLibreSearchUITests.debug.xcconfig"; sourceTree = "<group>"; };
/* End PBXFileReference section */

/* Begin PBXFrameworksBuildPhase section */
		1461968C2670626A00ACC040 /* Frameworks */ = {
			isa = PBXFrameworksBuildPhase;
			buildActionMask = 2147483647;
			files = (
				9C7558934FA87D555D1CCA5A /* Pods_MercadoLibreSearch.framework in Frameworks */,
			);
			runOnlyForDeploymentPostprocessing = 0;
		};
		146196A22670626C00ACC040 /* Frameworks */ = {
			isa = PBXFrameworksBuildPhase;
			buildActionMask = 2147483647;
			files = (
				BD788340939097C5352EC205 /* Pods_MercadoLibreSearchTests.framework in Frameworks */,
			);
			runOnlyForDeploymentPostprocessing = 0;
		};
/* End PBXFrameworksBuildPhase section */

/* Begin PBXGroup section */
		146196862670626A00ACC040 = {
			isa = PBXGroup;
			children = (
				146196912670626A00ACC040 /* MercadoLibreSearch */,
				146196A82670626C00ACC040 /* MercadoLibreSearchTests */,
				146196902670626A00ACC040 /* Products */,
				B48039B6EC91DF5C614EC371 /* Pods */,
				CA90C6177258408091AF5A49 /* Frameworks */,
			);
			sourceTree = "<group>";
		};
		146196902670626A00ACC040 /* Products */ = {
			isa = PBXGroup;
			children = (
				1461968F2670626A00ACC040 /* MercadoLibreSearch.app */,
				146196A52670626C00ACC040 /* MercadoLibreSearchTests.xctest */,
			);
			name = Products;
			sourceTree = "<group>";
		};
		146196912670626A00ACC040 /* MercadoLibreSearch */ = {
			isa = PBXGroup;
			children = (
				146196922670626A00ACC040 /* AppDelegate.swift */,
				146196942670626A00ACC040 /* SceneDelegate.swift */,
				1461969B2670626C00ACC040 /* Assets.xcassets */,
				14AEA7C82678894B00FCB7D7 /* Theme.xcassets */,
				1461969D2670626C00ACC040 /* LaunchScreen.storyboard */,
				146196A02670626C00ACC040 /* Info.plist */,
				1485FB2D2671745900A38DDB /* Common */,
				146196C32670651400ACC040 /* Data */,
				14B0E46326790CEE0004C63D /* Mocks */,
				146196C5267065DB00ACC040 /* Networking */,
				146196C42670652400ACC040 /* Presentation */,
			);
			path = MercadoLibreSearch;
			sourceTree = "<group>";
		};
		146196A82670626C00ACC040 /* MercadoLibreSearchTests */ = {
			isa = PBXGroup;
			children = (
				14B0E46026790A240004C63D /* ProductsPresenterTests.swift */,
				14B0E4802679279A0004C63D /* ProductDetailPresenterTests.swift */,
				146196AB2670626C00ACC040 /* Info.plist */,
			);
			path = MercadoLibreSearchTests;
			sourceTree = "<group>";
		};
		146196C32670651400ACC040 /* Data */ = {
			isa = PBXGroup;
			children = (
				14E148FB2672ED540090B3CF /* API */,
				14E148FC2672ED610090B3CF /* Entities */,
				14E149012672F1D90090B3CF /* Wrappers */,
			);
			path = Data;
			sourceTree = "<group>";
		};
		146196C42670652400ACC040 /* Presentation */ = {
			isa = PBXGroup;
			children = (
				1485FB1D26715AB500A38DDB /* Detail */,
				1485FB1C26715AAE00A38DDB /* List */,
			);
			path = Presentation;
			sourceTree = "<group>";
		};
		146196C5267065DB00ACC040 /* Networking */ = {
			isa = PBXGroup;
			children = (
				146196CF26707B8E00ACC040 /* APIService.swift */,
				146196D12670810100ACC040 /* Error+Networking.swift */,
				146196CB2670688A00ACC040 /* ProductsService.swift */,
				147D3C4A267698FE00FCCD19 /* ProductDetailService.swift */,
			);
			path = Networking;
			sourceTree = "<group>";
		};
		147D3C3D2675C09600FCCD19 /* Design */ = {
			isa = PBXGroup;
			children = (
				147D3C3E2675C0A100FCCD19 /* Icons.swift */,
			);
			path = Design;
			sourceTree = "<group>";
		};
		1485FB1C26715AAE00A38DDB /* List */ = {
			isa = PBXGroup;
			children = (
				1485FB2426715B2800A38DDB /* Cell */,
				1485FB292671601D00A38DDB /* ProductsConfigurator.swift */,
				1485FB2B267163B600A38DDB /* ProductsContract.swift */,
				1485FB2226715B0800A38DDB /* ProductsPresenter.swift */,
				1485FB38267177D200A38DDB /* ProductsTableViewManager.swift */,
				1485FB1E26715AD500A38DDB /* ProductsView.swift */,
				1485FB2026715AF000A38DDB /* ProductsViewController.swift */,
			);
			path = List;
			sourceTree = "<group>";
		};
		1485FB1D26715AB500A38DDB /* Detail */ = {
			isa = PBXGroup;
			children = (
				147D3C40267695C800FCCD19 /* ProductDetailConfigurator.swift */,
				147D3C422676960E00FCCD19 /* ProductDetailContract.swift */,
				147D3C442676964300FCCD19 /* ProductDetailPresenter.swift */,
				147D3C462676969600FCCD19 /* ProductDetailView.swift */,
				147D3C482676978B00FCCD19 /* ProductDetailViewController.swift */,
				14AEA7C6267852C300FCB7D7 /* SellerView.swift */,
			);
			path = Detail;
			sourceTree = "<group>";
		};
		1485FB2426715B2800A38DDB /* Cell */ = {
			isa = PBXGroup;
			children = (
				1485FB30267175EB00A38DDB /* ConfigurableProductsCell.swift */,
				1485FB2526715B4700A38DDB /* ProductsTableViewCell.swift */,
			);
			path = Cell;
			sourceTree = "<group>";
		};
		1485FB2D2671745900A38DDB /* Common */ = {
			isa = PBXGroup;
			children = (
				147D3C502676C2E700FCCD19 /* DidSelectRowActionDelegate.swift */,
				147D3C3D2675C09600FCCD19 /* Design */,
				1485FB342671770C00A38DDB /* Extensions */,
				14E1490A2673322F0090B3CF /* Navigation */,
			);
			path = Common;
			sourceTree = "<group>";
		};
		1485FB342671770C00A38DDB /* Extensions */ = {
			isa = PBXGroup;
			children = (
				149C8FD02671D56C006F0600 /* UIColor+Extension.swift */,
				147D3C3B2675B9FC00FCCD19 /* UIFont+Extension.swift */,
				14E148F52672B8110090B3CF /* UIImageView+Extension.swift */,
				147D3C4C2676A1BB00FCCD19 /* UINavigationController+Extension.swift */,
				14AEA7C42678122600FCB7D7 /* NumberFormatter+Extension.swift */,
			);
			path = Extensions;
			sourceTree = "<group>";
		};
		14B0E46326790CEE0004C63D /* Mocks */ = {
			isa = PBXGroup;
			children = (
				14B0E47D2679251A0004C63D /* ProductDetail */,
				14B0E479267924EF0004C63D /* ProductsList */,
				14B0E468267919E50004C63D /* NavigatorMock.swift */,
			);
			path = Mocks;
			sourceTree = "<group>";
		};
		14B0E479267924EF0004C63D /* ProductsList */ = {
			isa = PBXGroup;
			children = (
				14B0E466267911F20004C63D /* ProductsDataMock.swift */,
				14B0E46426790D290004C63D /* ProductsServiceMock.swift */,
			);
			path = ProductsList;
			sourceTree = "<group>";
		};
		14B0E47D2679251A0004C63D /* ProductDetail */ = {
			isa = PBXGroup;
			children = (
				14B0E47B267925110004C63D /* ProductDetailDataMock.swift */,
				14B0E47E267925310004C63D /* ProductDetailServiceMock.swift */,
			);
			path = ProductDetail;
			sourceTree = "<group>";
		};
		14E148FB2672ED540090B3CF /* API */ = {
			isa = PBXGroup;
			children = (
				14E148F92672BD080090B3CF /* CurrencyAPI.swift */,
				147D3C3326756B8900FCCD19 /* InstallmentsAPI.swift */,
				146196C92670673D00ACC040 /* ProductAPI.swift */,
				147D3C522676F4F000FCCD19 /* ProductDetailInfoAPI.swift */,
				14E148F72672BC460090B3CF /* SearchAPI.swift */,
				147D3C5A26770D9400FCCD19 /* SellerAPI.swift */,
			);
			path = API;
			sourceTree = "<group>";
		};
		14E148FC2672ED610090B3CF /* Entities */ = {
			isa = PBXGroup;
			children = (
				14E148FF2672EE3B0090B3CF /* CurrencyEntity.swift */,
				147D3C3526756C7800FCCD19 /* InstallmentsEntity.swift */,
				147D3C542676FB2F00FCCD19 /* ProductDetailInfoEntity.swift */,
				14E148FD2672ED7B0090B3CF /* ProductEntity.swift */,
				14E149042672F2B80090B3CF /* SearchEntity.swift */,
				147D3C56267708FB00FCCD19 /* SellerEntity.swift */,
			);
			path = Entities;
			sourceTree = "<group>";
		};
		14E149012672F1D90090B3CF /* Wrappers */ = {
			isa = PBXGroup;
			children = (
				14E149062672F67A0090B3CF /* CurrencyWrapper.swift */,
				147D3C3726756E2900FCCD19 /* InstallmentsWrapper.swift */,
				147D3C5826770A8800FCCD19 /* ProductDetailInfoWrapper.swift */,
				14E149082673003B0090B3CF /* ProductWrapper.swift */,
				14E149022672F1EA0090B3CF /* SearchWrapper.swift */,
				147D3C5C26770DC900FCCD19 /* SellerWrapper.swift */,
			);
			path = Wrappers;
			sourceTree = "<group>";
		};
		14E1490A2673322F0090B3CF /* Navigation */ = {
			isa = PBXGroup;
			children = (
				14E1490B267332430090B3CF /* Navigator.swift */,
			);
			path = Navigation;
			sourceTree = "<group>";
		};
		B48039B6EC91DF5C614EC371 /* Pods */ = {
			isa = PBXGroup;
			children = (
				7820D6AB33D09D1F588FFA0B /* Pods-MercadoLibreSearch.debug.xcconfig */,
				1BD4C21C694FB45BE7BD55C1 /* Pods-MercadoLibreSearch.release.xcconfig */,
				F99C992F0DCF7F1D17276314 /* Pods-MercadoLibreSearch-MercadoLibreSearchUITests.debug.xcconfig */,
				6C8B4448BF09729118EB8FBE /* Pods-MercadoLibreSearch-MercadoLibreSearchUITests.release.xcconfig */,
				F7E20702EF8B4B490D797F06 /* Pods-MercadoLibreSearchTests.debug.xcconfig */,
				8D44D21195F00A38150D0420 /* Pods-MercadoLibreSearchTests.release.xcconfig */,
			);
			path = Pods;
			sourceTree = "<group>";
		};
		CA90C6177258408091AF5A49 /* Frameworks */ = {
			isa = PBXGroup;
			children = (
				35373C56FD6CE2DA41C71539 /* Pods_MercadoLibreSearch.framework */,
				3FDA3C1797AB0FD08C7D1728 /* Pods_MercadoLibreSearch_MercadoLibreSearchUITests.framework */,
				D367751246A06FCD2671E641 /* Pods_MercadoLibreSearchTests.framework */,
			);
			name = Frameworks;
			sourceTree = "<group>";
		};
/* End PBXGroup section */

/* Begin PBXNativeTarget section */
		1461968E2670626A00ACC040 /* MercadoLibreSearch */ = {
			isa = PBXNativeTarget;
			buildConfigurationList = 146196B92670626C00ACC040 /* Build configuration list for PBXNativeTarget "MercadoLibreSearch" */;
			buildPhases = (
				F00F239E61C444312EA4D676 /* [CP] Check Pods Manifest.lock */,
				1461968B2670626A00ACC040 /* Sources */,
				1461968C2670626A00ACC040 /* Frameworks */,
				1461968D2670626A00ACC040 /* Resources */,
				07887CA93F811E4A7B76E435 /* [CP] Embed Pods Frameworks */,
			);
			buildRules = (
			);
			dependencies = (
			);
			name = MercadoLibreSearch;
			productName = MercadoLibreSearch;
			productReference = 1461968F2670626A00ACC040 /* MercadoLibreSearch.app */;
			productType = "com.apple.product-type.application";
		};
		146196A42670626C00ACC040 /* MercadoLibreSearchTests */ = {
			isa = PBXNativeTarget;
			buildConfigurationList = 146196BC2670626C00ACC040 /* Build configuration list for PBXNativeTarget "MercadoLibreSearchTests" */;
			buildPhases = (
				FBD5620B5C7C5CBC540C5159 /* [CP] Check Pods Manifest.lock */,
				146196A12670626C00ACC040 /* Sources */,
				146196A22670626C00ACC040 /* Frameworks */,
				146196A32670626C00ACC040 /* Resources */,
			);
			buildRules = (
			);
			dependencies = (
				146196A72670626C00ACC040 /* PBXTargetDependency */,
			);
			name = MercadoLibreSearchTests;
			productName = MercadoLibreSearchTests;
			productReference = 146196A52670626C00ACC040 /* MercadoLibreSearchTests.xctest */;
			productType = "com.apple.product-type.bundle.unit-test";
		};
/* End PBXNativeTarget section */

/* Begin PBXProject section */
		146196872670626A00ACC040 /* Project object */ = {
			isa = PBXProject;
			attributes = {
				LastSwiftUpdateCheck = 1250;
				LastUpgradeCheck = 1250;
				TargetAttributes = {
					1461968E2670626A00ACC040 = {
						CreatedOnToolsVersion = 12.5;
					};
					146196A42670626C00ACC040 = {
						CreatedOnToolsVersion = 12.5;
						TestTargetID = 1461968E2670626A00ACC040;
					};
				};
			};
			buildConfigurationList = 1461968A2670626A00ACC040 /* Build configuration list for PBXProject "MercadoLibreSearch" */;
			compatibilityVersion = "Xcode 9.3";
			developmentRegion = en;
			hasScannedForEncodings = 0;
			knownRegions = (
				en,
				Base,
			);
			mainGroup = 146196862670626A00ACC040;
			productRefGroup = 146196902670626A00ACC040 /* Products */;
			projectDirPath = "";
			projectRoot = "";
			targets = (
				1461968E2670626A00ACC040 /* MercadoLibreSearch */,
				146196A42670626C00ACC040 /* MercadoLibreSearchTests */,
			);
		};
/* End PBXProject section */

/* Begin PBXResourcesBuildPhase section */
		1461968D2670626A00ACC040 /* Resources */ = {
			isa = PBXResourcesBuildPhase;
			buildActionMask = 2147483647;
			files = (
				14AEA7C92678894B00FCB7D7 /* Theme.xcassets in Resources */,
				1461969F2670626C00ACC040 /* LaunchScreen.storyboard in Resources */,
				1461969C2670626C00ACC040 /* Assets.xcassets in Resources */,
			);
			runOnlyForDeploymentPostprocessing = 0;
		};
		146196A32670626C00ACC040 /* Resources */ = {
			isa = PBXResourcesBuildPhase;
			buildActionMask = 2147483647;
			files = (
			);
			runOnlyForDeploymentPostprocessing = 0;
		};
/* End PBXResourcesBuildPhase section */

/* Begin PBXShellScriptBuildPhase section */
		07887CA93F811E4A7B76E435 /* [CP] Embed Pods Frameworks */ = {
			isa = PBXShellScriptBuildPhase;
			buildActionMask = 2147483647;
			files = (
			);
			inputFileListPaths = (
				"${PODS_ROOT}/Target Support Files/Pods-MercadoLibreSearch/Pods-MercadoLibreSearch-frameworks-${CONFIGURATION}-input-files.xcfilelist",
			);
			name = "[CP] Embed Pods Frameworks";
			outputFileListPaths = (
				"${PODS_ROOT}/Target Support Files/Pods-MercadoLibreSearch/Pods-MercadoLibreSearch-frameworks-${CONFIGURATION}-output-files.xcfilelist",
			);
			runOnlyForDeploymentPostprocessing = 0;
			shellPath = /bin/sh;
			shellScript = "\"${PODS_ROOT}/Target Support Files/Pods-MercadoLibreSearch/Pods-MercadoLibreSearch-frameworks.sh\"\n";
			showEnvVarsInLog = 0;
		};
		F00F239E61C444312EA4D676 /* [CP] Check Pods Manifest.lock */ = {
			isa = PBXShellScriptBuildPhase;
			buildActionMask = 2147483647;
			files = (
			);
			inputFileListPaths = (
			);
			inputPaths = (
				"${PODS_PODFILE_DIR_PATH}/Podfile.lock",
				"${PODS_ROOT}/Manifest.lock",
			);
			name = "[CP] Check Pods Manifest.lock";
			outputFileListPaths = (
			);
			outputPaths = (
				"$(DERIVED_FILE_DIR)/Pods-MercadoLibreSearch-checkManifestLockResult.txt",
			);
			runOnlyForDeploymentPostprocessing = 0;
			shellPath = /bin/sh;
			shellScript = "diff \"${PODS_PODFILE_DIR_PATH}/Podfile.lock\" \"${PODS_ROOT}/Manifest.lock\" > /dev/null\nif [ $? != 0 ] ; then\n    # print error to STDERR\n    echo \"error: The sandbox is not in sync with the Podfile.lock. Run 'pod install' or update your CocoaPods installation.\" >&2\n    exit 1\nfi\n# This output is used by Xcode 'outputs' to avoid re-running this script phase.\necho \"SUCCESS\" > \"${SCRIPT_OUTPUT_FILE_0}\"\n";
			showEnvVarsInLog = 0;
		};
		FBD5620B5C7C5CBC540C5159 /* [CP] Check Pods Manifest.lock */ = {
			isa = PBXShellScriptBuildPhase;
			buildActionMask = 2147483647;
			files = (
			);
			inputFileListPaths = (
			);
			inputPaths = (
				"${PODS_PODFILE_DIR_PATH}/Podfile.lock",
				"${PODS_ROOT}/Manifest.lock",
			);
			name = "[CP] Check Pods Manifest.lock";
			outputFileListPaths = (
			);
			outputPaths = (
				"$(DERIVED_FILE_DIR)/Pods-MercadoLibreSearchTests-checkManifestLockResult.txt",
			);
			runOnlyForDeploymentPostprocessing = 0;
			shellPath = /bin/sh;
			shellScript = "diff \"${PODS_PODFILE_DIR_PATH}/Podfile.lock\" \"${PODS_ROOT}/Manifest.lock\" > /dev/null\nif [ $? != 0 ] ; then\n    # print error to STDERR\n    echo \"error: The sandbox is not in sync with the Podfile.lock. Run 'pod install' or update your CocoaPods installation.\" >&2\n    exit 1\nfi\n# This output is used by Xcode 'outputs' to avoid re-running this script phase.\necho \"SUCCESS\" > \"${SCRIPT_OUTPUT_FILE_0}\"\n";
			showEnvVarsInLog = 0;
		};
/* End PBXShellScriptBuildPhase section */

/* Begin PBXSourcesBuildPhase section */
		1461968B2670626A00ACC040 /* Sources */ = {
			isa = PBXSourcesBuildPhase;
			buildActionMask = 2147483647;
			files = (
				14E149052672F2B80090B3CF /* SearchEntity.swift in Sources */,
				14E149002672EE3B0090B3CF /* CurrencyEntity.swift in Sources */,
				147D3C492676978B00FCCD19 /* ProductDetailViewController.swift in Sources */,
				14E149092673003B0090B3CF /* ProductWrapper.swift in Sources */,
				147D3C472676969600FCCD19 /* ProductDetailView.swift in Sources */,
				147D3C552676FB2F00FCCD19 /* ProductDetailInfoEntity.swift in Sources */,
				1485FB31267175EB00A38DDB /* ConfigurableProductsCell.swift in Sources */,
				14B0E47F267925310004C63D /* ProductDetailServiceMock.swift in Sources */,
				14AEA7C7267852C300FCB7D7 /* SellerView.swift in Sources */,
				147D3C532676F4F000FCCD19 /* ProductDetailInfoAPI.swift in Sources */,
				14AEA7C52678122600FCB7D7 /* NumberFormatter+Extension.swift in Sources */,
				147D3C512676C2E700FCCD19 /* DidSelectRowActionDelegate.swift in Sources */,
				146196932670626A00ACC040 /* AppDelegate.swift in Sources */,
				14B0E46526790D290004C63D /* ProductsServiceMock.swift in Sources */,
				147D3C5D26770DC900FCCD19 /* SellerWrapper.swift in Sources */,
				14E149032672F1EA0090B3CF /* SearchWrapper.swift in Sources */,
				1485FB2326715B0800A38DDB /* ProductsPresenter.swift in Sources */,
				147D3C3826756E2900FCCD19 /* InstallmentsWrapper.swift in Sources */,
				147D3C432676960E00FCCD19 /* ProductDetailContract.swift in Sources */,
				147D3C3F2675C0A100FCCD19 /* Icons.swift in Sources */,
				146196CA2670673D00ACC040 /* ProductAPI.swift in Sources */,
				14E148FE2672ED7B0090B3CF /* ProductEntity.swift in Sources */,
				146196CC2670688A00ACC040 /* ProductsService.swift in Sources */,
				147D3C5B26770D9400FCCD19 /* SellerAPI.swift in Sources */,
				147D3C5926770A8800FCCD19 /* ProductDetailInfoWrapper.swift in Sources */,
				14B0E47C267925110004C63D /* ProductDetailDataMock.swift in Sources */,
				1485FB2A2671601D00A38DDB /* ProductsConfigurator.swift in Sources */,
				149C8FD12671D56C006F0600 /* UIColor+Extension.swift in Sources */,
				147D3C57267708FB00FCCD19 /* SellerEntity.swift in Sources */,
				14E149072672F67A0090B3CF /* CurrencyWrapper.swift in Sources */,
				147D3C452676964300FCCD19 /* ProductDetailPresenter.swift in Sources */,
				147D3C3626756C7800FCCD19 /* InstallmentsEntity.swift in Sources */,
				1485FB1F26715AD500A38DDB /* ProductsView.swift in Sources */,
				146196952670626A00ACC040 /* SceneDelegate.swift in Sources */,
				14E148F82672BC460090B3CF /* SearchAPI.swift in Sources */,
				1485FB2C267163B600A38DDB /* ProductsContract.swift in Sources */,
				1485FB39267177D200A38DDB /* ProductsTableViewManager.swift in Sources */,
				147D3C3426756B8900FCCD19 /* InstallmentsAPI.swift in Sources */,
				147D3C4B267698FE00FCCD19 /* ProductDetailService.swift in Sources */,
				147D3C3C2675B9FC00FCCD19 /* UIFont+Extension.swift in Sources */,
				147D3C4D2676A1BB00FCCD19 /* UINavigationController+Extension.swift in Sources */,
				147D3C41267695C800FCCD19 /* ProductDetailConfigurator.swift in Sources */,
				14E1490C267332430090B3CF /* Navigator.swift in Sources */,
				14B0E467267911F20004C63D /* ProductsDataMock.swift in Sources */,
				1485FB2126715AF000A38DDB /* ProductsViewController.swift in Sources */,
				14E148FA2672BD080090B3CF /* CurrencyAPI.swift in Sources */,
				1485FB2626715B4700A38DDB /* ProductsTableViewCell.swift in Sources */,
				146196D22670810100ACC040 /* Error+Networking.swift in Sources */,
				14B0E469267919E50004C63D /* NavigatorMock.swift in Sources */,
				14E148F62672B8110090B3CF /* UIImageView+Extension.swift in Sources */,
				146196D026707B8E00ACC040 /* APIService.swift in Sources */,
			);
			runOnlyForDeploymentPostprocessing = 0;
		};
		146196A12670626C00ACC040 /* Sources */ = {
			isa = PBXSourcesBuildPhase;
			buildActionMask = 2147483647;
			files = (
				14B0E46126790A240004C63D /* ProductsPresenterTests.swift in Sources */,
				14B0E4812679279A0004C63D /* ProductDetailPresenterTests.swift in Sources */,
			);
			runOnlyForDeploymentPostprocessing = 0;
		};
/* End PBXSourcesBuildPhase section */

/* Begin PBXTargetDependency section */
		146196A72670626C00ACC040 /* PBXTargetDependency */ = {
			isa = PBXTargetDependency;
			target = 1461968E2670626A00ACC040 /* MercadoLibreSearch */;
			targetProxy = 146196A62670626C00ACC040 /* PBXContainerItemProxy */;
		};
/* End PBXTargetDependency section */

/* Begin PBXVariantGroup section */
		1461969D2670626C00ACC040 /* LaunchScreen.storyboard */ = {
			isa = PBXVariantGroup;
			children = (
				1461969E2670626C00ACC040 /* Base */,
			);
			name = LaunchScreen.storyboard;
			sourceTree = "<group>";
		};
/* End PBXVariantGroup section */

/* Begin XCBuildConfiguration section */
		146196B72670626C00ACC040 /* Debug */ = {
			isa = XCBuildConfiguration;
			buildSettings = {
				ALWAYS_SEARCH_USER_PATHS = NO;
				CLANG_ANALYZER_NONNULL = YES;
				CLANG_ANALYZER_NUMBER_OBJECT_CONVERSION = YES_AGGRESSIVE;
				CLANG_CXX_LANGUAGE_STANDARD = "gnu++14";
				CLANG_CXX_LIBRARY = "libc++";
				CLANG_ENABLE_MODULES = YES;
				CLANG_ENABLE_OBJC_ARC = YES;
				CLANG_ENABLE_OBJC_WEAK = YES;
				CLANG_WARN_BLOCK_CAPTURE_AUTORELEASING = YES;
				CLANG_WARN_BOOL_CONVERSION = YES;
				CLANG_WARN_COMMA = YES;
				CLANG_WARN_CONSTANT_CONVERSION = YES;
				CLANG_WARN_DEPRECATED_OBJC_IMPLEMENTATIONS = YES;
				CLANG_WARN_DIRECT_OBJC_ISA_USAGE = YES_ERROR;
				CLANG_WARN_DOCUMENTATION_COMMENTS = YES;
				CLANG_WARN_EMPTY_BODY = YES;
				CLANG_WARN_ENUM_CONVERSION = YES;
				CLANG_WARN_INFINITE_RECURSION = YES;
				CLANG_WARN_INT_CONVERSION = YES;
				CLANG_WARN_NON_LITERAL_NULL_CONVERSION = YES;
				CLANG_WARN_OBJC_IMPLICIT_RETAIN_SELF = YES;
				CLANG_WARN_OBJC_LITERAL_CONVERSION = YES;
				CLANG_WARN_OBJC_ROOT_CLASS = YES_ERROR;
				CLANG_WARN_QUOTED_INCLUDE_IN_FRAMEWORK_HEADER = YES;
				CLANG_WARN_RANGE_LOOP_ANALYSIS = YES;
				CLANG_WARN_STRICT_PROTOTYPES = YES;
				CLANG_WARN_SUSPICIOUS_MOVE = YES;
				CLANG_WARN_UNGUARDED_AVAILABILITY = YES_AGGRESSIVE;
				CLANG_WARN_UNREACHABLE_CODE = YES;
				CLANG_WARN__DUPLICATE_METHOD_MATCH = YES;
				COPY_PHASE_STRIP = NO;
				DEBUG_INFORMATION_FORMAT = dwarf;
				ENABLE_STRICT_OBJC_MSGSEND = YES;
				ENABLE_TESTABILITY = YES;
				GCC_C_LANGUAGE_STANDARD = gnu11;
				GCC_DYNAMIC_NO_PIC = NO;
				GCC_NO_COMMON_BLOCKS = YES;
				GCC_OPTIMIZATION_LEVEL = 0;
				GCC_PREPROCESSOR_DEFINITIONS = (
					"DEBUG=1",
					"$(inherited)",
				);
				GCC_WARN_64_TO_32_BIT_CONVERSION = YES;
				GCC_WARN_ABOUT_RETURN_TYPE = YES_ERROR;
				GCC_WARN_UNDECLARED_SELECTOR = YES;
				GCC_WARN_UNINITIALIZED_AUTOS = YES_AGGRESSIVE;
				GCC_WARN_UNUSED_FUNCTION = YES;
				GCC_WARN_UNUSED_VARIABLE = YES;
				IPHONEOS_DEPLOYMENT_TARGET = 14.5;
				MTL_ENABLE_DEBUG_INFO = INCLUDE_SOURCE;
				MTL_FAST_MATH = YES;
				ONLY_ACTIVE_ARCH = YES;
				SDKROOT = iphoneos;
				SWIFT_ACTIVE_COMPILATION_CONDITIONS = DEBUG;
				SWIFT_OPTIMIZATION_LEVEL = "-Onone";
			};
			name = Debug;
		};
		146196B82670626C00ACC040 /* Release */ = {
			isa = XCBuildConfiguration;
			buildSettings = {
				ALWAYS_SEARCH_USER_PATHS = NO;
				CLANG_ANALYZER_NONNULL = YES;
				CLANG_ANALYZER_NUMBER_OBJECT_CONVERSION = YES_AGGRESSIVE;
				CLANG_CXX_LANGUAGE_STANDARD = "gnu++14";
				CLANG_CXX_LIBRARY = "libc++";
				CLANG_ENABLE_MODULES = YES;
				CLANG_ENABLE_OBJC_ARC = YES;
				CLANG_ENABLE_OBJC_WEAK = YES;
				CLANG_WARN_BLOCK_CAPTURE_AUTORELEASING = YES;
				CLANG_WARN_BOOL_CONVERSION = YES;
				CLANG_WARN_COMMA = YES;
				CLANG_WARN_CONSTANT_CONVERSION = YES;
				CLANG_WARN_DEPRECATED_OBJC_IMPLEMENTATIONS = YES;
				CLANG_WARN_DIRECT_OBJC_ISA_USAGE = YES_ERROR;
				CLANG_WARN_DOCUMENTATION_COMMENTS = YES;
				CLANG_WARN_EMPTY_BODY = YES;
				CLANG_WARN_ENUM_CONVERSION = YES;
				CLANG_WARN_INFINITE_RECURSION = YES;
				CLANG_WARN_INT_CONVERSION = YES;
				CLANG_WARN_NON_LITERAL_NULL_CONVERSION = YES;
				CLANG_WARN_OBJC_IMPLICIT_RETAIN_SELF = YES;
				CLANG_WARN_OBJC_LITERAL_CONVERSION = YES;
				CLANG_WARN_OBJC_ROOT_CLASS = YES_ERROR;
				CLANG_WARN_QUOTED_INCLUDE_IN_FRAMEWORK_HEADER = YES;
				CLANG_WARN_RANGE_LOOP_ANALYSIS = YES;
				CLANG_WARN_STRICT_PROTOTYPES = YES;
				CLANG_WARN_SUSPICIOUS_MOVE = YES;
				CLANG_WARN_UNGUARDED_AVAILABILITY = YES_AGGRESSIVE;
				CLANG_WARN_UNREACHABLE_CODE = YES;
				CLANG_WARN__DUPLICATE_METHOD_MATCH = YES;
				COPY_PHASE_STRIP = NO;
				DEBUG_INFORMATION_FORMAT = "dwarf-with-dsym";
				ENABLE_NS_ASSERTIONS = NO;
				ENABLE_STRICT_OBJC_MSGSEND = YES;
				GCC_C_LANGUAGE_STANDARD = gnu11;
				GCC_NO_COMMON_BLOCKS = YES;
				GCC_WARN_64_TO_32_BIT_CONVERSION = YES;
				GCC_WARN_ABOUT_RETURN_TYPE = YES_ERROR;
				GCC_WARN_UNDECLARED_SELECTOR = YES;
				GCC_WARN_UNINITIALIZED_AUTOS = YES_AGGRESSIVE;
				GCC_WARN_UNUSED_FUNCTION = YES;
				GCC_WARN_UNUSED_VARIABLE = YES;
				IPHONEOS_DEPLOYMENT_TARGET = 14.5;
				MTL_ENABLE_DEBUG_INFO = NO;
				MTL_FAST_MATH = YES;
				SDKROOT = iphoneos;
				SWIFT_COMPILATION_MODE = wholemodule;
				SWIFT_OPTIMIZATION_LEVEL = "-O";
				VALIDATE_PRODUCT = YES;
			};
			name = Release;
		};
		146196BA2670626C00ACC040 /* Debug */ = {
			isa = XCBuildConfiguration;
			baseConfigurationReference = 7820D6AB33D09D1F588FFA0B /* Pods-MercadoLibreSearch.debug.xcconfig */;
			buildSettings = {
				ASSETCATALOG_COMPILER_APPICON_NAME = AppIcon;
				ASSETCATALOG_COMPILER_GLOBAL_ACCENT_COLOR_NAME = AccentColor;
				CODE_SIGN_STYLE = Automatic;
				INFOPLIST_FILE = MercadoLibreSearch/Info.plist;
				IPHONEOS_DEPLOYMENT_TARGET = 14.3;
				LD_RUNPATH_SEARCH_PATHS = (
					"$(inherited)",
					"@executable_path/Frameworks",
				);
				PRODUCT_BUNDLE_IDENTIFIER = DiegoMazo.MercadoLibreSearch;
				PRODUCT_NAME = "$(TARGET_NAME)";
				SWIFT_VERSION = 5.0;
				TARGETED_DEVICE_FAMILY = "1,2";
			};
			name = Debug;
		};
		146196BB2670626C00ACC040 /* Release */ = {
			isa = XCBuildConfiguration;
			baseConfigurationReference = 1BD4C21C694FB45BE7BD55C1 /* Pods-MercadoLibreSearch.release.xcconfig */;
			buildSettings = {
				ASSETCATALOG_COMPILER_APPICON_NAME = AppIcon;
				ASSETCATALOG_COMPILER_GLOBAL_ACCENT_COLOR_NAME = AccentColor;
				CODE_SIGN_STYLE = Automatic;
				INFOPLIST_FILE = MercadoLibreSearch/Info.plist;
				IPHONEOS_DEPLOYMENT_TARGET = 14.3;
				LD_RUNPATH_SEARCH_PATHS = (
					"$(inherited)",
					"@executable_path/Frameworks",
				);
				PRODUCT_BUNDLE_IDENTIFIER = DiegoMazo.MercadoLibreSearch;
				PRODUCT_NAME = "$(TARGET_NAME)";
				SWIFT_VERSION = 5.0;
				TARGETED_DEVICE_FAMILY = "1,2";
			};
			name = Release;
		};
		146196BD2670626C00ACC040 /* Debug */ = {
			isa = XCBuildConfiguration;
			baseConfigurationReference = F7E20702EF8B4B490D797F06 /* Pods-MercadoLibreSearchTests.debug.xcconfig */;
			buildSettings = {
				ALWAYS_EMBED_SWIFT_STANDARD_LIBRARIES = YES;
				BUNDLE_LOADER = "$(TEST_HOST)";
				CODE_SIGN_STYLE = Automatic;
				INFOPLIST_FILE = MercadoLibreSearchTests/Info.plist;
				IPHONEOS_DEPLOYMENT_TARGET = 14.5;
				LD_RUNPATH_SEARCH_PATHS = (
					"$(inherited)",
					"@executable_path/Frameworks",
					"@loader_path/Frameworks",
				);
				PRODUCT_BUNDLE_IDENTIFIER = DiegoMazo.MercadoLibreSearchTests;
				PRODUCT_NAME = "$(TARGET_NAME)";
				SWIFT_VERSION = 5.0;
				TARGETED_DEVICE_FAMILY = "1,2";
				TEST_HOST = "$(BUILT_PRODUCTS_DIR)/MercadoLibreSearch.app/MercadoLibreSearch";
			};
			name = Debug;
		};
		146196BE2670626C00ACC040 /* Release */ = {
			isa = XCBuildConfiguration;
			baseConfigurationReference = 8D44D21195F00A38150D0420 /* Pods-MercadoLibreSearchTests.release.xcconfig */;
			buildSettings = {
				ALWAYS_EMBED_SWIFT_STANDARD_LIBRARIES = YES;
				BUNDLE_LOADER = "$(TEST_HOST)";
				CODE_SIGN_STYLE = Automatic;
				INFOPLIST_FILE = MercadoLibreSearchTests/Info.plist;
				IPHONEOS_DEPLOYMENT_TARGET = 14.5;
				LD_RUNPATH_SEARCH_PATHS = (
					"$(inherited)",
					"@executable_path/Frameworks",
					"@loader_path/Frameworks",
				);
				PRODUCT_BUNDLE_IDENTIFIER = DiegoMazo.MercadoLibreSearchTests;
				PRODUCT_NAME = "$(TARGET_NAME)";
				SWIFT_VERSION = 5.0;
				TARGETED_DEVICE_FAMILY = "1,2";
				TEST_HOST = "$(BUILT_PRODUCTS_DIR)/MercadoLibreSearch.app/MercadoLibreSearch";
			};
			name = Release;
		};
/* End XCBuildConfiguration section */

/* Begin XCConfigurationList section */
		1461968A2670626A00ACC040 /* Build configuration list for PBXProject "MercadoLibreSearch" */ = {
			isa = XCConfigurationList;
			buildConfigurations = (
				146196B72670626C00ACC040 /* Debug */,
				146196B82670626C00ACC040 /* Release */,
			);
			defaultConfigurationIsVisible = 0;
			defaultConfigurationName = Release;
		};
		146196B92670626C00ACC040 /* Build configuration list for PBXNativeTarget "MercadoLibreSearch" */ = {
			isa = XCConfigurationList;
			buildConfigurations = (
				146196BA2670626C00ACC040 /* Debug */,
				146196BB2670626C00ACC040 /* Release */,
			);
			defaultConfigurationIsVisible = 0;
			defaultConfigurationName = Release;
		};
		146196BC2670626C00ACC040 /* Build configuration list for PBXNativeTarget "MercadoLibreSearchTests" */ = {
			isa = XCConfigurationList;
			buildConfigurations = (
				146196BD2670626C00ACC040 /* Debug */,
				146196BE2670626C00ACC040 /* Release */,
			);
			defaultConfigurationIsVisible = 0;
			defaultConfigurationName = Release;
		};
/* End XCConfigurationList section */
	};
	rootObject = 146196872670626A00ACC040 /* Project object */;
}
